// !$*UTF8*$!
{
	archiveVersion = 1;
	classes = {
	};
	objectVersion = 56;
	objects = {

/* Begin PBXBuildFile section */
		4F2AD02F2C87FF50004A32E5 /* SmsPinCodeView.swift in Sources */ = {isa = PBXBuildFile; fileRef = 4F2AD02E2C87FF50004A32E5 /* SmsPinCodeView.swift */; };
		4F3C94442C851F5F00EBA6A2 /* Authentication.swift in Sources */ = {isa = PBXBuildFile; fileRef = 4F3C94402C851F5F00EBA6A2 /* Authentication.swift */; };
		4F3C94452C851F5F00EBA6A2 /* Network.swift in Sources */ = {isa = PBXBuildFile; fileRef = 4F3C94412C851F5F00EBA6A2 /* Network.swift */; };
		4F3C94462C851F5F00EBA6A2 /* OnboardringViewModel.swift in Sources */ = {isa = PBXBuildFile; fileRef = 4F3C94422C851F5F00EBA6A2 /* OnboardringViewModel.swift */; };
		4FC1625A2C87C3C9003504EB /* ProfileHandeler.swift in Sources */ = {isa = PBXBuildFile; fileRef = 4FC162592C87C3C9003504EB /* ProfileHandeler.swift */; };
		4FC702772C85307200C85CE9 /* NotoSansHebrew-VariableFont_wdth,wght.ttf in Resources */ = {isa = PBXBuildFile; fileRef = 4FC702762C85301300C85CE9 /* NotoSansHebrew-VariableFont_wdth,wght.ttf */; };
		4FC702842C85524200C85CE9 /* CustomAlertView.swift in Sources */ = {isa = PBXBuildFile; fileRef = 4FC7027D2C85524200C85CE9 /* CustomAlertView.swift */; };
		4FC702852C85524200C85CE9 /* View-CustomAlert.swift in Sources */ = {isa = PBXBuildFile; fileRef = 4FC7027E2C85524200C85CE9 /* View-CustomAlert.swift */; };
		4FD3CFC92C888D9E00910867 /* UploadBody.swift in Sources */ = {isa = PBXBuildFile; fileRef = 4FD3CFC82C888D9E00910867 /* UploadBody.swift */; };
		4FD3CFCB2C889FF600910867 /* UserIdBody.swift in Sources */ = {isa = PBXBuildFile; fileRef = 4FD3CFCA2C889FF600910867 /* UserIdBody.swift */; };
		4FD3CFCD2C8996AB00910867 /* URLRequest+EXT.swift in Sources */ = {isa = PBXBuildFile; fileRef = 4FD3CFCC2C8996AB00910867 /* URLRequest+EXT.swift */; };
		4FF5B0CF2C851B6C00176585 /* Persistence.swift in Sources */ = {isa = PBXBuildFile; fileRef = 4FF5B0CE2C851B6C00176585 /* Persistence.swift */; };
		4FF5B0D22C851B6C00176585 /* TaxiShare_MVP.xcdatamodeld in Sources */ = {isa = PBXBuildFile; fileRef = 4FF5B0D02C851B6C00176585 /* TaxiShare_MVP.xcdatamodeld */; };
		4FF5B0DC2C851B6C00176585 /* TaxiShare_MVPTests.swift in Sources */ = {isa = PBXBuildFile; fileRef = 4FF5B0DB2C851B6C00176585 /* TaxiShare_MVPTests.swift */; };
		4FF5B0E62C851B6C00176585 /* TaxiShare_MVPUITests.swift in Sources */ = {isa = PBXBuildFile; fileRef = 4FF5B0E52C851B6C00176585 /* TaxiShare_MVPUITests.swift */; };
		4FF5B0E82C851B6C00176585 /* TaxiShare_MVPUITestsLaunchTests.swift in Sources */ = {isa = PBXBuildFile; fileRef = 4FF5B0E72C851B6C00176585 /* TaxiShare_MVPUITestsLaunchTests.swift */; };
		4FF5B1752C851BB400176585 /* TButtonConfig.swift in Sources */ = {isa = PBXBuildFile; fileRef = 4FF5B0F52C851BB200176585 /* TButtonConfig.swift */; };
		4FF5B1762C851BB400176585 /* TButton.swift in Sources */ = {isa = PBXBuildFile; fileRef = 4FF5B0F72C851BB200176585 /* TButton.swift */; };
		4FF5B1772C851BB400176585 /* TLogo.swift in Sources */ = {isa = PBXBuildFile; fileRef = 4FF5B0F82C851BB200176585 /* TLogo.swift */; };
		4FF5B1782C851BB400176585 /* TProgressBar.swift in Sources */ = {isa = PBXBuildFile; fileRef = 4FF5B0F92C851BB200176585 /* TProgressBar.swift */; };
		4FF5B1792C851BB400176585 /* TSelectableButton.swift in Sources */ = {isa = PBXBuildFile; fileRef = 4FF5B0FA2C851BB200176585 /* TSelectableButton.swift */; };
		4FF5B17A2C851BB400176585 /* Custom.swift in Sources */ = {isa = PBXBuildFile; fileRef = 4FF5B0FC2C851BB200176585 /* Custom.swift */; };
		4FF5B17B2C851BB400176585 /* TButtonConfigItem.swift in Sources */ = {isa = PBXBuildFile; fileRef = 4FF5B0FE2C851BB200176585 /* TButtonConfigItem.swift */; };
		4FF5B17C2C851BB400176585 /* TButtonParams.swift in Sources */ = {isa = PBXBuildFile; fileRef = 4FF5B0FF2C851BB200176585 /* TButtonParams.swift */; };
		4FF5B17D2C851BB400176585 /* Localizable.xcstrings in Resources */ = {isa = PBXBuildFile; fileRef = 4FF5B1022C851BB300176585 /* Localizable.xcstrings */; };
		4FF5B17E2C851BB400176585 /* LocationService.swift in Sources */ = {isa = PBXBuildFile; fileRef = 4FF5B1032C851BB300176585 /* LocationService.swift */; };
		4FF5B1A42C851BB400176585 /* LoginPhoneView.swift in Sources */ = {isa = PBXBuildFile; fileRef = 4FF5B12B2C851BB300176585 /* LoginPhoneView.swift */; };
		4FF5B1A52C851BB400176585 /* OnboardingBirthdateView.swift in Sources */ = {isa = PBXBuildFile; fileRef = 4FF5B12C2C851BB300176585 /* OnboardingBirthdateView.swift */; };
		4FF5B1A62C851BB400176585 /* PinCodeChangePhoneView.swift in Sources */ = {isa = PBXBuildFile; fileRef = 4FF5B12D2C851BB300176585 /* PinCodeChangePhoneView.swift */; };
		4FF5B1A72C851BB400176585 /* OnboardingGenderView.swift in Sources */ = {isa = PBXBuildFile; fileRef = 4FF5B12E2C851BB300176585 /* OnboardingGenderView.swift */; };
		4FF5B1A82C851BB400176585 /* OnboardingLoginView.swift in Sources */ = {isa = PBXBuildFile; fileRef = 4FF5B12F2C851BB300176585 /* OnboardingLoginView.swift */; };
		4FF5B1A92C851BB400176585 /* OnboardingNameView.swift in Sources */ = {isa = PBXBuildFile; fileRef = 4FF5B1302C851BB300176585 /* OnboardingNameView.swift */; };
		4FF5B1AA2C851BB400176585 /* OnboardingRulesView.swift in Sources */ = {isa = PBXBuildFile; fileRef = 4FF5B1312C851BB300176585 /* OnboardingRulesView.swift */; };
		4FF5B1AC2C851BB400176585 /* OnboardingProgressbleContainerView.swift in Sources */ = {isa = PBXBuildFile; fileRef = 4FF5B1342C851BB300176585 /* OnboardingProgressbleContainerView.swift */; };
		4FF5B1AD2C851BB400176585 /* OnboardingProgressbleHanelerView.swift in Sources */ = {isa = PBXBuildFile; fileRef = 4FF5B1352C851BB300176585 /* OnboardingProgressbleHanelerView.swift */; };
		4FF5B1AE2C851BB400176585 /* OnboardingProgressbleManegerView.swift in Sources */ = {isa = PBXBuildFile; fileRef = 4FF5B1362C851BB300176585 /* OnboardingProgressbleManegerView.swift */; };
		4FF5B1AF2C851BB400176585 /* OnboardingProgressbleView.swift in Sources */ = {isa = PBXBuildFile; fileRef = 4FF5B1372C851BB300176585 /* OnboardingProgressbleView.swift */; };
		4FF5B1B02C851BB400176585 /* BaseViewWithBottomButton.swift in Sources */ = {isa = PBXBuildFile; fileRef = 4FF5B1392C851BB300176585 /* BaseViewWithBottomButton.swift */; };
		4FF5B1B12C851BB400176585 /* OnboardingProgress.swift in Sources */ = {isa = PBXBuildFile; fileRef = 4FF5B13B2C851BB300176585 /* OnboardingProgress.swift */; };
		4FF5B1B22C851BB400176585 /* RightText.swift in Sources */ = {isa = PBXBuildFile; fileRef = 4FF5B13C2C851BB300176585 /* RightText.swift */; };
		4FF5B1B32C851BB400176585 /* TDateTextFiled.swift in Sources */ = {isa = PBXBuildFile; fileRef = 4FF5B13D2C851BB300176585 /* TDateTextFiled.swift */; };
		4FF5B1B42C851BB400176585 /* TPinCodeView.swift in Sources */ = {isa = PBXBuildFile; fileRef = 4FF5B13E2C851BB300176585 /* TPinCodeView.swift */; };
		4FF5B1B52C851BB400176585 /* TTextFieldView.swift in Sources */ = {isa = PBXBuildFile; fileRef = 4FF5B13F2C851BB300176585 /* TTextFieldView.swift */; };
		4FF5B1B62C851BB400176585 /* ViewWithTransition.swift in Sources */ = {isa = PBXBuildFile; fileRef = 4FF5B1402C851BB300176585 /* ViewWithTransition.swift */; };
		4FF5B1B72C851BB400176585 /* ProfileUpdater.swift in Sources */ = {isa = PBXBuildFile; fileRef = 4FF5B1412C851BB300176585 /* ProfileUpdater.swift */; };
		4FF5B1B82C851BB400176585 /* FilterView.swift in Sources */ = {isa = PBXBuildFile; fileRef = 4FF5B1432C851BB300176585 /* FilterView.swift */; };
		4FF5B1B92C851BB400176585 /* ImagePicker.swift in Sources */ = {isa = PBXBuildFile; fileRef = 4FF5B1442C851BB300176585 /* ImagePicker.swift */; };
		4FF5B1BA2C851BB400176585 /* LoginView.swift in Sources */ = {isa = PBXBuildFile; fileRef = 4FF5B1452C851BB300176585 /* LoginView.swift */; };
		4FF5B1BB2C851BB400176585 /* MapView.swift in Sources */ = {isa = PBXBuildFile; fileRef = 4FF5B1462C851BB300176585 /* MapView.swift */; };
		4FF5B1BC2C851BB400176585 /* MapViewVM.swift in Sources */ = {isa = PBXBuildFile; fileRef = 4FF5B1472C851BB300176585 /* MapViewVM.swift */; };
		4FF5B1BD2C851BB400176585 /* PinCodeView.swift in Sources */ = {isa = PBXBuildFile; fileRef = 4FF5B1482C851BB300176585 /* PinCodeView.swift */; };
		4FF5B1BE2C851BB400176585 /* RootView.swift in Sources */ = {isa = PBXBuildFile; fileRef = 4FF5B1492C851BB300176585 /* RootView.swift */; };
		4FF5B1BF2C851BB400176585 /* SideMenu.swift in Sources */ = {isa = PBXBuildFile; fileRef = 4FF5B14A2C851BB300176585 /* SideMenu.swift */; };
		4FF5B1C02C851BB400176585 /* SingUpView.swift in Sources */ = {isa = PBXBuildFile; fileRef = 4FF5B14B2C851BB300176585 /* SingUpView.swift */; };
		4FF5B1C12C851BB400176585 /* SliderView.swift in Sources */ = {isa = PBXBuildFile; fileRef = 4FF5B14C2C851BB300176585 /* SliderView.swift */; };
		4FF5B1C22C851BB400176585 /* CryptoManager.swift in Sources */ = {isa = PBXBuildFile; fileRef = 4FF5B14E2C851BB300176585 /* CryptoManager.swift */; };
		4FF5B1C32C851BB400176585 /* LocationManager.swift in Sources */ = {isa = PBXBuildFile; fileRef = 4FF5B14F2C851BB300176585 /* LocationManager.swift */; };
		4FF5B1C42C851BB400176585 /* UserLoginManager.swift in Sources */ = {isa = PBXBuildFile; fileRef = 4FF5B1502C851BB300176585 /* UserLoginManager.swift */; };
		4FF5B1C52C851BB400176585 /* Assets.xcassets in Resources */ = {isa = PBXBuildFile; fileRef = 4FF5B1522C851BB300176585 /* Assets.xcassets */; };
		4FF5B1C72C851BB400176585 /* CharacterSet+EXT.swift in Sources */ = {isa = PBXBuildFile; fileRef = 4FF5B1542C851BB300176585 /* CharacterSet+EXT.swift */; };
		4FF5B1C82C851BB400176585 /* Color+EXT.swift in Sources */ = {isa = PBXBuildFile; fileRef = 4FF5B1552C851BB300176585 /* Color+EXT.swift */; };
		4FF5B1C92C851BB400176585 /* Dictionary+EXT.swift in Sources */ = {isa = PBXBuildFile; fileRef = 4FF5B1562C851BB300176585 /* Dictionary+EXT.swift */; };
		4FF5B1CA2C851BB400176585 /* String+EXT.swift in Sources */ = {isa = PBXBuildFile; fileRef = 4FF5B1572C851BB300176585 /* String+EXT.swift */; };
		4FF5B1CB2C851BB400176585 /* View+EXT.swift in Sources */ = {isa = PBXBuildFile; fileRef = 4FF5B1582C851BB300176585 /* View+EXT.swift */; };
		4FF5B1CC2C851BB400176585 /* AppDelegate.swift in Sources */ = {isa = PBXBuildFile; fileRef = 4FF5B15A2C851BB300176585 /* AppDelegate.swift */; };
		4FF5B1CD2C851BB400176585 /* GoogleService-Info.plist in Resources */ = {isa = PBXBuildFile; fileRef = 4FF5B15B2C851BB300176585 /* GoogleService-Info.plist */; };
		4FF5B1CE2C851BB400176585 /* Modifiers.swift in Sources */ = {isa = PBXBuildFile; fileRef = 4FF5B15C2C851BB300176585 /* Modifiers.swift */; };
		4FF5B1CF2C851BB400176585 /* Preview Assets.xcassets in Resources */ = {isa = PBXBuildFile; fileRef = 4FF5B15E2C851BB300176585 /* Preview Assets.xcassets */; };
		4FF5B1D02C851BB400176585 /* Router.swift in Sources */ = {isa = PBXBuildFile; fileRef = 4FF5B1602C851BB300176585 /* Router.swift */; };
		4FF5B1D12C851BB400176585 /* RouterView.swift in Sources */ = {isa = PBXBuildFile; fileRef = 4FF5B1612C851BB300176585 /* RouterView.swift */; };
		4FF5B1D22C851BB400176585 /* ShtaxiApp.swift in Sources */ = {isa = PBXBuildFile; fileRef = 4FF5B1632C851BB300176585 /* ShtaxiApp.swift */; };
		4FF5B1D32C851BB400176585 /* Storyboard.storyboard in Resources */ = {isa = PBXBuildFile; fileRef = 4FF5B1642C851BB400176585 /* Storyboard.storyboard */; };
		4FF5B1D72C851BB400176585 /* ProfileSyncHendeler.swift in Sources */ = {isa = PBXBuildFile; fileRef = 4FF5B1692C851BB400176585 /* ProfileSyncHendeler.swift */; };
		4FF5B1D82C851BB400176585 /* ValueHolder.swift in Sources */ = {isa = PBXBuildFile; fileRef = 4FF5B16A2C851BB400176585 /* ValueHolder.swift */; };
		4FF5B1D92C851BB400176585 /* EmptyModel.swift in Sources */ = {isa = PBXBuildFile; fileRef = 4FF5B16C2C851BB400176585 /* EmptyModel.swift */; };
		4FF5B1DA2C851BB400176585 /* FacebookAuthModel.swift in Sources */ = {isa = PBXBuildFile; fileRef = 4FF5B16D2C851BB400176585 /* FacebookAuthModel.swift */; };
		4FF5B1DB2C851BB400176585 /* GoogleAuthModel.swift in Sources */ = {isa = PBXBuildFile; fileRef = 4FF5B16E2C851BB400176585 /* GoogleAuthModel.swift */; };
		4FF5B1DC2C851BB400176585 /* ProfileModel.swift in Sources */ = {isa = PBXBuildFile; fileRef = 4FF5B16F2C851BB400176585 /* ProfileModel.swift */; };
		4FF5B1DD2C851BB400176585 /* Response.swift in Sources */ = {isa = PBXBuildFile; fileRef = 4FF5B1702C851BB400176585 /* Response.swift */; };
		4FF5B1DE2C851BB400176585 /* UserExistModel.swift in Sources */ = {isa = PBXBuildFile; fileRef = 4FF5B1712C851BB400176585 /* UserExistModel.swift */; };
		4FF5B1E32C851D9200176585 /* FirebaseAnalyticsWithoutAdIdSupport in Frameworks */ = {isa = PBXBuildFile; productRef = 4FF5B1E22C851D9200176585 /* FirebaseAnalyticsWithoutAdIdSupport */; };
		4FF5B1E52C851D9200176585 /* FirebaseAuth in Frameworks */ = {isa = PBXBuildFile; productRef = 4FF5B1E42C851D9200176585 /* FirebaseAuth */; };
		4FF5B1E72C851D9200176585 /* FirebaseFirestore in Frameworks */ = {isa = PBXBuildFile; productRef = 4FF5B1E62C851D9200176585 /* FirebaseFirestore */; };
		4FF5B1E92C851D9200176585 /* FirebaseMessaging in Frameworks */ = {isa = PBXBuildFile; productRef = 4FF5B1E82C851D9200176585 /* FirebaseMessaging */; };
		4FF5B1EC2C851DA900176585 /* FacebookBasics in Frameworks */ = {isa = PBXBuildFile; productRef = 4FF5B1EB2C851DA900176585 /* FacebookBasics */; };
		4FF5B1EE2C851DA900176585 /* FacebookLogin in Frameworks */ = {isa = PBXBuildFile; productRef = 4FF5B1ED2C851DA900176585 /* FacebookLogin */; };
		4FF5B1F12C851DBC00176585 /* GoogleSignIn in Frameworks */ = {isa = PBXBuildFile; productRef = 4FF5B1F02C851DBC00176585 /* GoogleSignIn */; };
		4FF5B1F32C851DBC00176585 /* GoogleSignInSwift in Frameworks */ = {isa = PBXBuildFile; productRef = 4FF5B1F22C851DBC00176585 /* GoogleSignInSwift */; };
/* End PBXBuildFile section */

/* Begin PBXContainerItemProxy section */
		4FF5B0D82C851B6C00176585 /* PBXContainerItemProxy */ = {
			isa = PBXContainerItemProxy;
			containerPortal = 4FF5B0BA2C851B6A00176585 /* Project object */;
			proxyType = 1;
			remoteGlobalIDString = 4FF5B0C12C851B6A00176585;
			remoteInfo = TaxiShare_MVP;
		};
		4FF5B0E22C851B6C00176585 /* PBXContainerItemProxy */ = {
			isa = PBXContainerItemProxy;
			containerPortal = 4FF5B0BA2C851B6A00176585 /* Project object */;
			proxyType = 1;
			remoteGlobalIDString = 4FF5B0C12C851B6A00176585;
			remoteInfo = TaxiShare_MVP;
		};
/* End PBXContainerItemProxy section */

/* Begin PBXFileReference section */
		4F2AD02E2C87FF50004A32E5 /* SmsPinCodeView.swift */ = {isa = PBXFileReference; fileEncoding = 4; lastKnownFileType = sourcecode.swift; path = SmsPinCodeView.swift; sourceTree = "<group>"; };
		4F3C94402C851F5F00EBA6A2 /* Authentication.swift */ = {isa = PBXFileReference; fileEncoding = 4; lastKnownFileType = sourcecode.swift; path = Authentication.swift; sourceTree = "<group>"; };
		4F3C94412C851F5F00EBA6A2 /* Network.swift */ = {isa = PBXFileReference; fileEncoding = 4; lastKnownFileType = sourcecode.swift; path = Network.swift; sourceTree = "<group>"; };
		4F3C94422C851F5F00EBA6A2 /* OnboardringViewModel.swift */ = {isa = PBXFileReference; fileEncoding = 4; lastKnownFileType = sourcecode.swift; path = OnboardringViewModel.swift; sourceTree = "<group>"; };
		4FC162592C87C3C9003504EB /* ProfileHandeler.swift */ = {isa = PBXFileReference; lastKnownFileType = sourcecode.swift; path = ProfileHandeler.swift; sourceTree = "<group>"; };
		4FC702762C85301300C85CE9 /* NotoSansHebrew-VariableFont_wdth,wght.ttf */ = {isa = PBXFileReference; lastKnownFileType = file; path = "NotoSansHebrew-VariableFont_wdth,wght.ttf"; sourceTree = "<group>"; };
		4FC7027D2C85524200C85CE9 /* CustomAlertView.swift */ = {isa = PBXFileReference; fileEncoding = 4; lastKnownFileType = sourcecode.swift; path = CustomAlertView.swift; sourceTree = "<group>"; };
		4FC7027E2C85524200C85CE9 /* View-CustomAlert.swift */ = {isa = PBXFileReference; fileEncoding = 4; lastKnownFileType = sourcecode.swift; path = "View-CustomAlert.swift"; sourceTree = "<group>"; };
		4FD3CFC82C888D9E00910867 /* UploadBody.swift */ = {isa = PBXFileReference; lastKnownFileType = sourcecode.swift; path = UploadBody.swift; sourceTree = "<group>"; };
		4FD3CFCA2C889FF600910867 /* UserIdBody.swift */ = {isa = PBXFileReference; lastKnownFileType = sourcecode.swift; path = UserIdBody.swift; sourceTree = "<group>"; };
		4FD3CFCC2C8996AB00910867 /* URLRequest+EXT.swift */ = {isa = PBXFileReference; lastKnownFileType = sourcecode.swift; path = "URLRequest+EXT.swift"; sourceTree = "<group>"; };
		4FF5B0C22C851B6A00176585 /* TaxiShare_MVP.app */ = {isa = PBXFileReference; explicitFileType = wrapper.application; includeInIndex = 0; path = TaxiShare_MVP.app; sourceTree = BUILT_PRODUCTS_DIR; };
		4FF5B0CE2C851B6C00176585 /* Persistence.swift */ = {isa = PBXFileReference; lastKnownFileType = sourcecode.swift; path = Persistence.swift; sourceTree = "<group>"; };
		4FF5B0D12C851B6C00176585 /* TaxiShare_MVP.xcdatamodel */ = {isa = PBXFileReference; lastKnownFileType = wrapper.xcdatamodel; path = TaxiShare_MVP.xcdatamodel; sourceTree = "<group>"; };
		4FF5B0D72C851B6C00176585 /* TaxiShare_MVPTests.xctest */ = {isa = PBXFileReference; explicitFileType = wrapper.cfbundle; includeInIndex = 0; path = TaxiShare_MVPTests.xctest; sourceTree = BUILT_PRODUCTS_DIR; };
		4FF5B0DB2C851B6C00176585 /* TaxiShare_MVPTests.swift */ = {isa = PBXFileReference; lastKnownFileType = sourcecode.swift; path = TaxiShare_MVPTests.swift; sourceTree = "<group>"; };
		4FF5B0E12C851B6C00176585 /* TaxiShare_MVPUITests.xctest */ = {isa = PBXFileReference; explicitFileType = wrapper.cfbundle; includeInIndex = 0; path = TaxiShare_MVPUITests.xctest; sourceTree = BUILT_PRODUCTS_DIR; };
		4FF5B0E52C851B6C00176585 /* TaxiShare_MVPUITests.swift */ = {isa = PBXFileReference; lastKnownFileType = sourcecode.swift; path = TaxiShare_MVPUITests.swift; sourceTree = "<group>"; };
		4FF5B0E72C851B6C00176585 /* TaxiShare_MVPUITestsLaunchTests.swift */ = {isa = PBXFileReference; lastKnownFileType = sourcecode.swift; path = TaxiShare_MVPUITestsLaunchTests.swift; sourceTree = "<group>"; };
		4FF5B0F42C851BB200176585 /* TaxiShare_MVP.entitlements */ = {isa = PBXFileReference; fileEncoding = 4; lastKnownFileType = text.plist.entitlements; path = TaxiShare_MVP.entitlements; sourceTree = "<group>"; };
		4FF5B0F52C851BB200176585 /* TButtonConfig.swift */ = {isa = PBXFileReference; fileEncoding = 4; lastKnownFileType = sourcecode.swift; path = TButtonConfig.swift; sourceTree = "<group>"; };
		4FF5B0F72C851BB200176585 /* TButton.swift */ = {isa = PBXFileReference; fileEncoding = 4; lastKnownFileType = sourcecode.swift; path = TButton.swift; sourceTree = "<group>"; };
		4FF5B0F82C851BB200176585 /* TLogo.swift */ = {isa = PBXFileReference; fileEncoding = 4; lastKnownFileType = sourcecode.swift; path = TLogo.swift; sourceTree = "<group>"; };
		4FF5B0F92C851BB200176585 /* TProgressBar.swift */ = {isa = PBXFileReference; fileEncoding = 4; lastKnownFileType = sourcecode.swift; path = TProgressBar.swift; sourceTree = "<group>"; };
		4FF5B0FA2C851BB200176585 /* TSelectableButton.swift */ = {isa = PBXFileReference; fileEncoding = 4; lastKnownFileType = sourcecode.swift; path = TSelectableButton.swift; sourceTree = "<group>"; };
		4FF5B0FC2C851BB200176585 /* Custom.swift */ = {isa = PBXFileReference; fileEncoding = 4; lastKnownFileType = sourcecode.swift; path = Custom.swift; sourceTree = "<group>"; };
		4FF5B0FE2C851BB200176585 /* TButtonConfigItem.swift */ = {isa = PBXFileReference; fileEncoding = 4; lastKnownFileType = sourcecode.swift; path = TButtonConfigItem.swift; sourceTree = "<group>"; };
		4FF5B0FF2C851BB200176585 /* TButtonParams.swift */ = {isa = PBXFileReference; fileEncoding = 4; lastKnownFileType = sourcecode.swift; path = TButtonParams.swift; sourceTree = "<group>"; };
		4FF5B1022C851BB300176585 /* Localizable.xcstrings */ = {isa = PBXFileReference; fileEncoding = 4; lastKnownFileType = text.json.xcstrings; path = Localizable.xcstrings; sourceTree = "<group>"; };
		4FF5B1032C851BB300176585 /* LocationService.swift */ = {isa = PBXFileReference; fileEncoding = 4; lastKnownFileType = sourcecode.swift; path = LocationService.swift; sourceTree = "<group>"; };
		4FF5B12B2C851BB300176585 /* LoginPhoneView.swift */ = {isa = PBXFileReference; fileEncoding = 4; lastKnownFileType = sourcecode.swift; path = LoginPhoneView.swift; sourceTree = "<group>"; };
		4FF5B12C2C851BB300176585 /* OnboardingBirthdateView.swift */ = {isa = PBXFileReference; fileEncoding = 4; lastKnownFileType = sourcecode.swift; path = OnboardingBirthdateView.swift; sourceTree = "<group>"; };
		4FF5B12D2C851BB300176585 /* PinCodeChangePhoneView.swift */ = {isa = PBXFileReference; fileEncoding = 4; lastKnownFileType = sourcecode.swift; path = PinCodeChangePhoneView.swift; sourceTree = "<group>"; };
		4FF5B12E2C851BB300176585 /* OnboardingGenderView.swift */ = {isa = PBXFileReference; fileEncoding = 4; lastKnownFileType = sourcecode.swift; path = OnboardingGenderView.swift; sourceTree = "<group>"; };
		4FF5B12F2C851BB300176585 /* OnboardingLoginView.swift */ = {isa = PBXFileReference; fileEncoding = 4; lastKnownFileType = sourcecode.swift; path = OnboardingLoginView.swift; sourceTree = "<group>"; };
		4FF5B1302C851BB300176585 /* OnboardingNameView.swift */ = {isa = PBXFileReference; fileEncoding = 4; lastKnownFileType = sourcecode.swift; path = OnboardingNameView.swift; sourceTree = "<group>"; };
		4FF5B1312C851BB300176585 /* OnboardingRulesView.swift */ = {isa = PBXFileReference; fileEncoding = 4; lastKnownFileType = sourcecode.swift; path = OnboardingRulesView.swift; sourceTree = "<group>"; };
		4FF5B1342C851BB300176585 /* OnboardingProgressbleContainerView.swift */ = {isa = PBXFileReference; fileEncoding = 4; lastKnownFileType = sourcecode.swift; path = OnboardingProgressbleContainerView.swift; sourceTree = "<group>"; };
		4FF5B1352C851BB300176585 /* OnboardingProgressbleHanelerView.swift */ = {isa = PBXFileReference; fileEncoding = 4; lastKnownFileType = sourcecode.swift; path = OnboardingProgressbleHanelerView.swift; sourceTree = "<group>"; };
		4FF5B1362C851BB300176585 /* OnboardingProgressbleManegerView.swift */ = {isa = PBXFileReference; fileEncoding = 4; lastKnownFileType = sourcecode.swift; path = OnboardingProgressbleManegerView.swift; sourceTree = "<group>"; };
		4FF5B1372C851BB300176585 /* OnboardingProgressbleView.swift */ = {isa = PBXFileReference; fileEncoding = 4; lastKnownFileType = sourcecode.swift; path = OnboardingProgressbleView.swift; sourceTree = "<group>"; };
		4FF5B1392C851BB300176585 /* BaseViewWithBottomButton.swift */ = {isa = PBXFileReference; fileEncoding = 4; lastKnownFileType = sourcecode.swift; path = BaseViewWithBottomButton.swift; sourceTree = "<group>"; };
		4FF5B13B2C851BB300176585 /* OnboardingProgress.swift */ = {isa = PBXFileReference; fileEncoding = 4; lastKnownFileType = sourcecode.swift; path = OnboardingProgress.swift; sourceTree = "<group>"; };
		4FF5B13C2C851BB300176585 /* RightText.swift */ = {isa = PBXFileReference; fileEncoding = 4; lastKnownFileType = sourcecode.swift; path = RightText.swift; sourceTree = "<group>"; };
		4FF5B13D2C851BB300176585 /* TDateTextFiled.swift */ = {isa = PBXFileReference; fileEncoding = 4; lastKnownFileType = sourcecode.swift; path = TDateTextFiled.swift; sourceTree = "<group>"; };
		4FF5B13E2C851BB300176585 /* TPinCodeView.swift */ = {isa = PBXFileReference; fileEncoding = 4; lastKnownFileType = sourcecode.swift; path = TPinCodeView.swift; sourceTree = "<group>"; };
		4FF5B13F2C851BB300176585 /* TTextFieldView.swift */ = {isa = PBXFileReference; fileEncoding = 4; lastKnownFileType = sourcecode.swift; path = TTextFieldView.swift; sourceTree = "<group>"; };
		4FF5B1402C851BB300176585 /* ViewWithTransition.swift */ = {isa = PBXFileReference; fileEncoding = 4; lastKnownFileType = sourcecode.swift; path = ViewWithTransition.swift; sourceTree = "<group>"; };
		4FF5B1412C851BB300176585 /* ProfileUpdater.swift */ = {isa = PBXFileReference; fileEncoding = 4; lastKnownFileType = sourcecode.swift; path = ProfileUpdater.swift; sourceTree = "<group>"; };
		4FF5B1432C851BB300176585 /* FilterView.swift */ = {isa = PBXFileReference; fileEncoding = 4; lastKnownFileType = sourcecode.swift; path = FilterView.swift; sourceTree = "<group>"; };
		4FF5B1442C851BB300176585 /* ImagePicker.swift */ = {isa = PBXFileReference; fileEncoding = 4; lastKnownFileType = sourcecode.swift; path = ImagePicker.swift; sourceTree = "<group>"; };
		4FF5B1452C851BB300176585 /* LoginView.swift */ = {isa = PBXFileReference; fileEncoding = 4; lastKnownFileType = sourcecode.swift; path = LoginView.swift; sourceTree = "<group>"; };
		4FF5B1462C851BB300176585 /* MapView.swift */ = {isa = PBXFileReference; fileEncoding = 4; lastKnownFileType = sourcecode.swift; path = MapView.swift; sourceTree = "<group>"; };
		4FF5B1472C851BB300176585 /* MapViewVM.swift */ = {isa = PBXFileReference; fileEncoding = 4; lastKnownFileType = sourcecode.swift; path = MapViewVM.swift; sourceTree = "<group>"; };
		4FF5B1482C851BB300176585 /* PinCodeView.swift */ = {isa = PBXFileReference; fileEncoding = 4; lastKnownFileType = sourcecode.swift; path = PinCodeView.swift; sourceTree = "<group>"; };
		4FF5B1492C851BB300176585 /* RootView.swift */ = {isa = PBXFileReference; fileEncoding = 4; lastKnownFileType = sourcecode.swift; path = RootView.swift; sourceTree = "<group>"; };
		4FF5B14A2C851BB300176585 /* SideMenu.swift */ = {isa = PBXFileReference; fileEncoding = 4; lastKnownFileType = sourcecode.swift; path = SideMenu.swift; sourceTree = "<group>"; };
		4FF5B14B2C851BB300176585 /* SingUpView.swift */ = {isa = PBXFileReference; fileEncoding = 4; lastKnownFileType = sourcecode.swift; path = SingUpView.swift; sourceTree = "<group>"; };
		4FF5B14C2C851BB300176585 /* SliderView.swift */ = {isa = PBXFileReference; fileEncoding = 4; lastKnownFileType = sourcecode.swift; path = SliderView.swift; sourceTree = "<group>"; };
		4FF5B14E2C851BB300176585 /* CryptoManager.swift */ = {isa = PBXFileReference; fileEncoding = 4; lastKnownFileType = sourcecode.swift; path = CryptoManager.swift; sourceTree = "<group>"; };
		4FF5B14F2C851BB300176585 /* LocationManager.swift */ = {isa = PBXFileReference; fileEncoding = 4; lastKnownFileType = sourcecode.swift; path = LocationManager.swift; sourceTree = "<group>"; };
		4FF5B1502C851BB300176585 /* UserLoginManager.swift */ = {isa = PBXFileReference; fileEncoding = 4; lastKnownFileType = sourcecode.swift; path = UserLoginManager.swift; sourceTree = "<group>"; };
		4FF5B1522C851BB300176585 /* Assets.xcassets */ = {isa = PBXFileReference; lastKnownFileType = folder.assetcatalog; path = Assets.xcassets; sourceTree = "<group>"; };
		4FF5B1542C851BB300176585 /* CharacterSet+EXT.swift */ = {isa = PBXFileReference; fileEncoding = 4; lastKnownFileType = sourcecode.swift; path = "CharacterSet+EXT.swift"; sourceTree = "<group>"; };
		4FF5B1552C851BB300176585 /* Color+EXT.swift */ = {isa = PBXFileReference; fileEncoding = 4; lastKnownFileType = sourcecode.swift; path = "Color+EXT.swift"; sourceTree = "<group>"; };
		4FF5B1562C851BB300176585 /* Dictionary+EXT.swift */ = {isa = PBXFileReference; fileEncoding = 4; lastKnownFileType = sourcecode.swift; path = "Dictionary+EXT.swift"; sourceTree = "<group>"; };
		4FF5B1572C851BB300176585 /* String+EXT.swift */ = {isa = PBXFileReference; fileEncoding = 4; lastKnownFileType = sourcecode.swift; path = "String+EXT.swift"; sourceTree = "<group>"; };
		4FF5B1582C851BB300176585 /* View+EXT.swift */ = {isa = PBXFileReference; fileEncoding = 4; lastKnownFileType = sourcecode.swift; path = "View+EXT.swift"; sourceTree = "<group>"; };
		4FF5B15A2C851BB300176585 /* AppDelegate.swift */ = {isa = PBXFileReference; fileEncoding = 4; lastKnownFileType = sourcecode.swift; path = AppDelegate.swift; sourceTree = "<group>"; };
		4FF5B15B2C851BB300176585 /* GoogleService-Info.plist */ = {isa = PBXFileReference; fileEncoding = 4; lastKnownFileType = text.plist.xml; path = "GoogleService-Info.plist"; sourceTree = "<group>"; };
		4FF5B15C2C851BB300176585 /* Modifiers.swift */ = {isa = PBXFileReference; fileEncoding = 4; lastKnownFileType = sourcecode.swift; path = Modifiers.swift; sourceTree = "<group>"; };
		4FF5B15E2C851BB300176585 /* Preview Assets.xcassets */ = {isa = PBXFileReference; lastKnownFileType = folder.assetcatalog; path = "Preview Assets.xcassets"; sourceTree = "<group>"; };
		4FF5B1602C851BB300176585 /* Router.swift */ = {isa = PBXFileReference; fileEncoding = 4; lastKnownFileType = sourcecode.swift; path = Router.swift; sourceTree = "<group>"; };
		4FF5B1612C851BB300176585 /* RouterView.swift */ = {isa = PBXFileReference; fileEncoding = 4; lastKnownFileType = sourcecode.swift; path = RouterView.swift; sourceTree = "<group>"; };
		4FF5B1632C851BB300176585 /* ShtaxiApp.swift */ = {isa = PBXFileReference; fileEncoding = 4; lastKnownFileType = sourcecode.swift; path = ShtaxiApp.swift; sourceTree = "<group>"; };
		4FF5B1642C851BB400176585 /* Storyboard.storyboard */ = {isa = PBXFileReference; fileEncoding = 4; lastKnownFileType = file.storyboard; path = Storyboard.storyboard; sourceTree = "<group>"; };
		4FF5B1692C851BB400176585 /* ProfileSyncHendeler.swift */ = {isa = PBXFileReference; fileEncoding = 4; lastKnownFileType = sourcecode.swift; path = ProfileSyncHendeler.swift; sourceTree = "<group>"; };
		4FF5B16A2C851BB400176585 /* ValueHolder.swift */ = {isa = PBXFileReference; fileEncoding = 4; lastKnownFileType = sourcecode.swift; path = ValueHolder.swift; sourceTree = "<group>"; };
		4FF5B16C2C851BB400176585 /* EmptyModel.swift */ = {isa = PBXFileReference; fileEncoding = 4; lastKnownFileType = sourcecode.swift; path = EmptyModel.swift; sourceTree = "<group>"; };
		4FF5B16D2C851BB400176585 /* FacebookAuthModel.swift */ = {isa = PBXFileReference; fileEncoding = 4; lastKnownFileType = sourcecode.swift; path = FacebookAuthModel.swift; sourceTree = "<group>"; };
		4FF5B16E2C851BB400176585 /* GoogleAuthModel.swift */ = {isa = PBXFileReference; fileEncoding = 4; lastKnownFileType = sourcecode.swift; path = GoogleAuthModel.swift; sourceTree = "<group>"; };
		4FF5B16F2C851BB400176585 /* ProfileModel.swift */ = {isa = PBXFileReference; fileEncoding = 4; lastKnownFileType = sourcecode.swift; path = ProfileModel.swift; sourceTree = "<group>"; };
		4FF5B1702C851BB400176585 /* Response.swift */ = {isa = PBXFileReference; fileEncoding = 4; lastKnownFileType = sourcecode.swift; path = Response.swift; sourceTree = "<group>"; };
		4FF5B1712C851BB400176585 /* UserExistModel.swift */ = {isa = PBXFileReference; fileEncoding = 4; lastKnownFileType = sourcecode.swift; path = UserExistModel.swift; sourceTree = "<group>"; };
		4FF5B1E02C851BD800176585 /* TaxiShare-MVP-Info.plist */ = {isa = PBXFileReference; lastKnownFileType = text.plist; path = "TaxiShare-MVP-Info.plist"; sourceTree = SOURCE_ROOT; };
/* End PBXFileReference section */

/* Begin PBXFrameworksBuildPhase section */
		4FF5B0BF2C851B6A00176585 /* Frameworks */ = {
			isa = PBXFrameworksBuildPhase;
			buildActionMask = 2147483647;
			files = (
				4FF5B1E92C851D9200176585 /* FirebaseMessaging in Frameworks */,
				4FF5B1E32C851D9200176585 /* FirebaseAnalyticsWithoutAdIdSupport in Frameworks */,
				4FF5B1EE2C851DA900176585 /* FacebookLogin in Frameworks */,
				4FF5B1F32C851DBC00176585 /* GoogleSignInSwift in Frameworks */,
				4FF5B1EC2C851DA900176585 /* FacebookBasics in Frameworks */,
				4FF5B1E52C851D9200176585 /* FirebaseAuth in Frameworks */,
				4FF5B1E72C851D9200176585 /* FirebaseFirestore in Frameworks */,
				4FF5B1F12C851DBC00176585 /* GoogleSignIn in Frameworks */,
			);
			runOnlyForDeploymentPostprocessing = 0;
		};
		4FF5B0D42C851B6C00176585 /* Frameworks */ = {
			isa = PBXFrameworksBuildPhase;
			buildActionMask = 2147483647;
			files = (
			);
			runOnlyForDeploymentPostprocessing = 0;
		};
		4FF5B0DE2C851B6C00176585 /* Frameworks */ = {
			isa = PBXFrameworksBuildPhase;
			buildActionMask = 2147483647;
			files = (
			);
			runOnlyForDeploymentPostprocessing = 0;
		};
/* End PBXFrameworksBuildPhase section */

/* Begin PBXGroup section */
		4F2AD0302C87FF60004A32E5 /* Phone Login */ = {
			isa = PBXGroup;
			children = (
				4F2AD02E2C87FF50004A32E5 /* SmsPinCodeView.swift */,
				4FF5B12B2C851BB300176585 /* LoginPhoneView.swift */,
				4FF5B12D2C851BB300176585 /* PinCodeChangePhoneView.swift */,
			);
			path = "Phone Login";
			sourceTree = "<group>";
		};
		4F3C94432C851F5F00EBA6A2 /* ViewModels */ = {
			isa = PBXGroup;
			children = (
				4FF5B1472C851BB300176585 /* MapViewVM.swift */,
				4F3C94402C851F5F00EBA6A2 /* Authentication.swift */,
				4F3C94412C851F5F00EBA6A2 /* Network.swift */,
				4F3C94422C851F5F00EBA6A2 /* OnboardringViewModel.swift */,
			);
			path = ViewModels;
			sourceTree = "<group>";
		};
		4FC7027F2C85524200C85CE9 /* CustomAlert */ = {
			isa = PBXGroup;
			children = (
				4FF5B13C2C851BB300176585 /* RightText.swift */,
				4FF5B13D2C851BB300176585 /* TDateTextFiled.swift */,
				4FF5B13E2C851BB300176585 /* TPinCodeView.swift */,
				4FF5B13F2C851BB300176585 /* TTextFieldView.swift */,
				4FC7027D2C85524200C85CE9 /* CustomAlertView.swift */,
				4FC7027E2C85524200C85CE9 /* View-CustomAlert.swift */,
			);
			path = CustomAlert;
			sourceTree = "<group>";
		};
		4FC702872C86459F00C85CE9 /* Protocols */ = {
			isa = PBXGroup;
			children = (
				4FF5B1402C851BB300176585 /* ViewWithTransition.swift */,
				4FF5B1412C851BB300176585 /* ProfileUpdater.swift */,
				4FF5B13B2C851BB300176585 /* OnboardingProgress.swift */,
				4FC162592C87C3C9003504EB /* ProfileHandeler.swift */,
			);
			path = Protocols;
			sourceTree = "<group>";
		};
		4FD3CFC62C888D5800910867 /* Responses */ = {
			isa = PBXGroup;
			children = (
				4FF5B16D2C851BB400176585 /* FacebookAuthModel.swift */,
				4FF5B16C2C851BB400176585 /* EmptyModel.swift */,
				4FF5B16F2C851BB400176585 /* ProfileModel.swift */,
				4FF5B16E2C851BB400176585 /* GoogleAuthModel.swift */,
				4FF5B1712C851BB400176585 /* UserExistModel.swift */,
				4FF5B1702C851BB400176585 /* Response.swift */,
			);
			path = Responses;
			sourceTree = "<group>";
		};
		4FD3CFC72C888D8800910867 /* Body */ = {
			isa = PBXGroup;
			children = (
				4FD3CFC82C888D9E00910867 /* UploadBody.swift */,
				4FD3CFCA2C889FF600910867 /* UserIdBody.swift */,
			);
			path = Body;
			sourceTree = "<group>";
		};
		4FF5B0B92C851B6A00176585 = {
			isa = PBXGroup;
			children = (
				4FF5B0C42C851B6A00176585 /* TaxiShare_MVP */,
				4FF5B0DA2C851B6C00176585 /* TaxiShare_MVPTests */,
				4FF5B0E42C851B6C00176585 /* TaxiShare_MVPUITests */,
				4FF5B0C32C851B6A00176585 /* Products */,
			);
			sourceTree = "<group>";
		};
		4FF5B0C32C851B6A00176585 /* Products */ = {
			isa = PBXGroup;
			children = (
				4FF5B0C22C851B6A00176585 /* TaxiShare_MVP.app */,
				4FF5B0D72C851B6C00176585 /* TaxiShare_MVPTests.xctest */,
				4FF5B0E12C851B6C00176585 /* TaxiShare_MVPUITests.xctest */,
			);
			name = Products;
			sourceTree = "<group>";
		};
		4FF5B0C42C851B6A00176585 /* TaxiShare_MVP */ = {
			isa = PBXGroup;
			children = (
				4FF5B1E02C851BD800176585 /* TaxiShare-MVP-Info.plist */,
				4FF5B0F42C851BB200176585 /* TaxiShare_MVP.entitlements */,
				4FF5B0D02C851B6C00176585 /* TaxiShare_MVP.xcdatamodeld */,
				4FF5B1022C851BB300176585 /* Localizable.xcstrings */,
				4FF5B15B2C851BB300176585 /* GoogleService-Info.plist */,
				4FF5B1522C851BB300176585 /* Assets.xcassets */,
				4FF5B15F2C851BB300176585 /* Preview Content */,
				4FF5B12A2C851BB300176585 /* Fonts */,
				4FF5B1592C851BB300176585 /* Extansions */,
				4FC702872C86459F00C85CE9 /* Protocols */,
				4FF5B15D2C851BB300176585 /* Modifiers */,
				4FF5B16B2C851BB400176585 /* Hendelers */,
				4FF5B1512C851BB300176585 /* Managers */,
				4FF5B1722C851BB400176585 /* Models */,
				4FF5B1042C851BB300176585 /* Services */,
				4F3C94432C851F5F00EBA6A2 /* ViewModels */,
				4FF5B1012C851BB200176585 /* Configiration */,
				4FF5B14D2C851BB300176585 /* Views */,
				4FF5B1642C851BB400176585 /* Storyboard.storyboard */,
				4FF5B1632C851BB300176585 /* ShtaxiApp.swift */,
				4FF5B15A2C851BB300176585 /* AppDelegate.swift */,
				4FF5B0CE2C851B6C00176585 /* Persistence.swift */,
			);
			path = TaxiShare_MVP;
			sourceTree = "<group>";
		};
		4FF5B0DA2C851B6C00176585 /* TaxiShare_MVPTests */ = {
			isa = PBXGroup;
			children = (
				4FF5B0DB2C851B6C00176585 /* TaxiShare_MVPTests.swift */,
			);
			path = TaxiShare_MVPTests;
			sourceTree = "<group>";
		};
		4FF5B0E42C851B6C00176585 /* TaxiShare_MVPUITests */ = {
			isa = PBXGroup;
			children = (
				4FF5B0E52C851B6C00176585 /* TaxiShare_MVPUITests.swift */,
				4FF5B0E72C851B6C00176585 /* TaxiShare_MVPUITestsLaunchTests.swift */,
			);
			path = TaxiShare_MVPUITests;
			sourceTree = "<group>";
		};
		4FF5B0F62C851BB200176585 /* Configs */ = {
			isa = PBXGroup;
			children = (
				4FF5B0F52C851BB200176585 /* TButtonConfig.swift */,
			);
			path = Configs;
			sourceTree = "<group>";
		};
		4FF5B0FB2C851BB200176585 /* Componnets */ = {
			isa = PBXGroup;
			children = (
				4FF5B0F62C851BB200176585 /* Configs */,
				4FC7027F2C85524200C85CE9 /* CustomAlert */,
				4FF5B14A2C851BB300176585 /* SideMenu.swift */,
				4FF5B1442C851BB300176585 /* ImagePicker.swift */,
				4FF5B14C2C851BB300176585 /* SliderView.swift */,
				4FF5B0F72C851BB200176585 /* TButton.swift */,
				4FF5B0F82C851BB200176585 /* TLogo.swift */,
				4FF5B0F92C851BB200176585 /* TProgressBar.swift */,
				4FF5B0FA2C851BB200176585 /* TSelectableButton.swift */,
			);
			path = Componnets;
			sourceTree = "<group>";
		};
		4FF5B0FD2C851BB200176585 /* Custom */ = {
			isa = PBXGroup;
			children = (
				4FF5B0FC2C851BB200176585 /* Custom.swift */,
			);
			path = Custom;
			sourceTree = "<group>";
		};
		4FF5B1002C851BB200176585 /* Structs */ = {
			isa = PBXGroup;
			children = (
				4FF5B0FE2C851BB200176585 /* TButtonConfigItem.swift */,
				4FF5B0FF2C851BB200176585 /* TButtonParams.swift */,
			);
			path = Structs;
			sourceTree = "<group>";
		};
		4FF5B1012C851BB200176585 /* Configiration */ = {
			isa = PBXGroup;
			children = (
				4FF5B0FB2C851BB200176585 /* Componnets */,
				4FF5B0FD2C851BB200176585 /* Custom */,
				4FF5B1002C851BB200176585 /* Structs */,
			);
			path = Configiration;
			sourceTree = "<group>";
		};
		4FF5B1042C851BB300176585 /* Services */ = {
			isa = PBXGroup;
			children = (
				4FF5B1032C851BB300176585 /* LocationService.swift */,
			);
			path = Services;
			sourceTree = "<group>";
		};
		4FF5B12A2C851BB300176585 /* Fonts */ = {
			isa = PBXGroup;
			children = (
				4FC702762C85301300C85CE9 /* NotoSansHebrew-VariableFont_wdth,wght.ttf */,
			);
			path = Fonts;
			sourceTree = "<group>";
		};
		4FF5B1332C851BB300176585 /* Views */ = {
			isa = PBXGroup;
			children = (
				4FF5B12C2C851BB300176585 /* OnboardingBirthdateView.swift */,
				4FF5B12E2C851BB300176585 /* OnboardingGenderView.swift */,
				4FF5B12F2C851BB300176585 /* OnboardingLoginView.swift */,
				4FF5B1302C851BB300176585 /* OnboardingNameView.swift */,
				4FF5B1312C851BB300176585 /* OnboardingRulesView.swift */,
			);
			path = Views;
			sourceTree = "<group>";
		};
		4FF5B1382C851BB300176585 /* Progressble */ = {
			isa = PBXGroup;
			children = (
				4FF5B1332C851BB300176585 /* Views */,
				4FF5B1342C851BB300176585 /* OnboardingProgressbleContainerView.swift */,
				4FF5B1352C851BB300176585 /* OnboardingProgressbleHanelerView.swift */,
				4FF5B1362C851BB300176585 /* OnboardingProgressbleManegerView.swift */,
				4FF5B1372C851BB300176585 /* OnboardingProgressbleView.swift */,
			);
			path = Progressble;
			sourceTree = "<group>";
		};
		4FF5B13A2C851BB300176585 /* Onboareding */ = {
			isa = PBXGroup;
			children = (
				4F2AD0302C87FF60004A32E5 /* Phone Login */,
				4FF5B1382C851BB300176585 /* Progressble */,
			);
			path = Onboareding;
			sourceTree = "<group>";
		};
		4FF5B1422C851BB300176585 /* Wireframe */ = {
			isa = PBXGroup;
			children = (
				4FF5B1392C851BB300176585 /* BaseViewWithBottomButton.swift */,
			);
			path = Wireframe;
			sourceTree = "<group>";
		};
		4FF5B14D2C851BB300176585 /* Views */ = {
			isa = PBXGroup;
			children = (
				4FF5B1622C851BB300176585 /* Router */,
				4FF5B1422C851BB300176585 /* Wireframe */,
				4FF5B13A2C851BB300176585 /* Onboareding */,
				4FF5B1492C851BB300176585 /* RootView.swift */,
				4FF5B1452C851BB300176585 /* LoginView.swift */,
				4FF5B1482C851BB300176585 /* PinCodeView.swift */,
				4FF5B1462C851BB300176585 /* MapView.swift */,
				4FF5B1432C851BB300176585 /* FilterView.swift */,
				4FF5B14B2C851BB300176585 /* SingUpView.swift */,
			);
			path = Views;
			sourceTree = "<group>";
		};
		4FF5B1512C851BB300176585 /* Managers */ = {
			isa = PBXGroup;
			children = (
				4FF5B14E2C851BB300176585 /* CryptoManager.swift */,
				4FF5B14F2C851BB300176585 /* LocationManager.swift */,
				4FF5B1502C851BB300176585 /* UserLoginManager.swift */,
			);
			path = Managers;
			sourceTree = "<group>";
		};
		4FF5B1592C851BB300176585 /* Extansions */ = {
			isa = PBXGroup;
			children = (
				4FF5B1542C851BB300176585 /* CharacterSet+EXT.swift */,
				4FF5B1552C851BB300176585 /* Color+EXT.swift */,
				4FF5B1562C851BB300176585 /* Dictionary+EXT.swift */,
				4FF5B1572C851BB300176585 /* String+EXT.swift */,
				4FF5B1582C851BB300176585 /* View+EXT.swift */,
				4FD3CFCC2C8996AB00910867 /* URLRequest+EXT.swift */,
			);
			path = Extansions;
			sourceTree = "<group>";
		};
		4FF5B15D2C851BB300176585 /* Modifiers */ = {
			isa = PBXGroup;
			children = (
				4FF5B15C2C851BB300176585 /* Modifiers.swift */,
			);
			path = Modifiers;
			sourceTree = "<group>";
		};
		4FF5B15F2C851BB300176585 /* Preview Content */ = {
			isa = PBXGroup;
			children = (
				4FF5B15E2C851BB300176585 /* Preview Assets.xcassets */,
			);
			path = "Preview Content";
			sourceTree = "<group>";
		};
		4FF5B1622C851BB300176585 /* Router */ = {
			isa = PBXGroup;
			children = (
				4FF5B1602C851BB300176585 /* Router.swift */,
				4FF5B1612C851BB300176585 /* RouterView.swift */,
			);
			path = Router;
			sourceTree = "<group>";
		};
		4FF5B16B2C851BB400176585 /* Hendelers */ = {
			isa = PBXGroup;
			children = (
				4FF5B1692C851BB400176585 /* ProfileSyncHendeler.swift */,
				4FF5B16A2C851BB400176585 /* ValueHolder.swift */,
			);
			path = Hendelers;
			sourceTree = "<group>";
		};
		4FF5B1722C851BB400176585 /* Models */ = {
			isa = PBXGroup;
			children = (
				4FD3CFC72C888D8800910867 /* Body */,
				4FD3CFC62C888D5800910867 /* Responses */,
			);
			path = Models;
			sourceTree = "<group>";
		};
/* End PBXGroup section */

/* Begin PBXNativeTarget section */
		4FF5B0C12C851B6A00176585 /* TaxiShare_MVP */ = {
			isa = PBXNativeTarget;
			buildConfigurationList = 4FF5B0EB2C851B6C00176585 /* Build configuration list for PBXNativeTarget "TaxiShare_MVP" */;
			buildPhases = (
				4FF5B0BE2C851B6A00176585 /* Sources */,
				4FF5B0BF2C851B6A00176585 /* Frameworks */,
				4FF5B0C02C851B6A00176585 /* Resources */,
			);
			buildRules = (
			);
			dependencies = (
			);
			name = TaxiShare_MVP;
			packageProductDependencies = (
				4FF5B1E22C851D9200176585 /* FirebaseAnalyticsWithoutAdIdSupport */,
				4FF5B1E42C851D9200176585 /* FirebaseAuth */,
				4FF5B1E62C851D9200176585 /* FirebaseFirestore */,
				4FF5B1E82C851D9200176585 /* FirebaseMessaging */,
				4FF5B1EB2C851DA900176585 /* FacebookBasics */,
				4FF5B1ED2C851DA900176585 /* FacebookLogin */,
				4FF5B1F02C851DBC00176585 /* GoogleSignIn */,
				4FF5B1F22C851DBC00176585 /* GoogleSignInSwift */,
			);
			productName = TaxiShare_MVP;
			productReference = 4FF5B0C22C851B6A00176585 /* TaxiShare_MVP.app */;
			productType = "com.apple.product-type.application";
		};
		4FF5B0D62C851B6C00176585 /* TaxiShare_MVPTests */ = {
			isa = PBXNativeTarget;
			buildConfigurationList = 4FF5B0EE2C851B6C00176585 /* Build configuration list for PBXNativeTarget "TaxiShare_MVPTests" */;
			buildPhases = (
				4FF5B0D32C851B6C00176585 /* Sources */,
				4FF5B0D42C851B6C00176585 /* Frameworks */,
				4FF5B0D52C851B6C00176585 /* Resources */,
			);
			buildRules = (
			);
			dependencies = (
				4FF5B0D92C851B6C00176585 /* PBXTargetDependency */,
			);
			name = TaxiShare_MVPTests;
			productName = TaxiShare_MVPTests;
			productReference = 4FF5B0D72C851B6C00176585 /* TaxiShare_MVPTests.xctest */;
			productType = "com.apple.product-type.bundle.unit-test";
		};
		4FF5B0E02C851B6C00176585 /* TaxiShare_MVPUITests */ = {
			isa = PBXNativeTarget;
			buildConfigurationList = 4FF5B0F12C851B6C00176585 /* Build configuration list for PBXNativeTarget "TaxiShare_MVPUITests" */;
			buildPhases = (
				4FF5B0DD2C851B6C00176585 /* Sources */,
				4FF5B0DE2C851B6C00176585 /* Frameworks */,
				4FF5B0DF2C851B6C00176585 /* Resources */,
			);
			buildRules = (
			);
			dependencies = (
				4FF5B0E32C851B6C00176585 /* PBXTargetDependency */,
			);
			name = TaxiShare_MVPUITests;
			productName = TaxiShare_MVPUITests;
			productReference = 4FF5B0E12C851B6C00176585 /* TaxiShare_MVPUITests.xctest */;
			productType = "com.apple.product-type.bundle.ui-testing";
		};
/* End PBXNativeTarget section */

/* Begin PBXProject section */
		4FF5B0BA2C851B6A00176585 /* Project object */ = {
			isa = PBXProject;
			attributes = {
				BuildIndependentTargetsInParallel = 1;
				LastSwiftUpdateCheck = 1540;
				LastUpgradeCheck = 1540;
				TargetAttributes = {
					4FF5B0C12C851B6A00176585 = {
						CreatedOnToolsVersion = 15.4;
					};
					4FF5B0D62C851B6C00176585 = {
						CreatedOnToolsVersion = 15.4;
						TestTargetID = 4FF5B0C12C851B6A00176585;
					};
					4FF5B0E02C851B6C00176585 = {
						CreatedOnToolsVersion = 15.4;
						TestTargetID = 4FF5B0C12C851B6A00176585;
					};
				};
			};
			buildConfigurationList = 4FF5B0BD2C851B6A00176585 /* Build configuration list for PBXProject "TaxiShare_MVP" */;
			compatibilityVersion = "Xcode 14.0";
			developmentRegion = en;
			hasScannedForEncodings = 0;
			knownRegions = (
				en,
				Base,
			);
			mainGroup = 4FF5B0B92C851B6A00176585;
			packageReferences = (
				4FF5B1E12C851D9200176585 /* XCRemoteSwiftPackageReference "firebase-ios-sdk" */,
				4FF5B1EA2C851DA900176585 /* XCRemoteSwiftPackageReference "facebook-ios-sdk" */,
				4FF5B1EF2C851DBC00176585 /* XCRemoteSwiftPackageReference "GoogleSignIn-iOS" */,
			);
			productRefGroup = 4FF5B0C32C851B6A00176585 /* Products */;
			projectDirPath = "";
			projectRoot = "";
			targets = (
				4FF5B0C12C851B6A00176585 /* TaxiShare_MVP */,
				4FF5B0D62C851B6C00176585 /* TaxiShare_MVPTests */,
				4FF5B0E02C851B6C00176585 /* TaxiShare_MVPUITests */,
			);
		};
/* End PBXProject section */

/* Begin PBXResourcesBuildPhase section */
		4FF5B0C02C851B6A00176585 /* Resources */ = {
			isa = PBXResourcesBuildPhase;
			buildActionMask = 2147483647;
			files = (
				4FC702772C85307200C85CE9 /* NotoSansHebrew-VariableFont_wdth,wght.ttf in Resources */,
				4FF5B1D32C851BB400176585 /* Storyboard.storyboard in Resources */,
				4FF5B1C52C851BB400176585 /* Assets.xcassets in Resources */,
				4FF5B1CF2C851BB400176585 /* Preview Assets.xcassets in Resources */,
				4FF5B17D2C851BB400176585 /* Localizable.xcstrings in Resources */,
				4FF5B1CD2C851BB400176585 /* GoogleService-Info.plist in Resources */,
			);
			runOnlyForDeploymentPostprocessing = 0;
		};
		4FF5B0D52C851B6C00176585 /* Resources */ = {
			isa = PBXResourcesBuildPhase;
			buildActionMask = 2147483647;
			files = (
			);
			runOnlyForDeploymentPostprocessing = 0;
		};
		4FF5B0DF2C851B6C00176585 /* Resources */ = {
			isa = PBXResourcesBuildPhase;
			buildActionMask = 2147483647;
			files = (
			);
			runOnlyForDeploymentPostprocessing = 0;
		};
/* End PBXResourcesBuildPhase section */

/* Begin PBXSourcesBuildPhase section */
		4FF5B0BE2C851B6A00176585 /* Sources */ = {
			isa = PBXSourcesBuildPhase;
			buildActionMask = 2147483647;
			files = (
				4F3C94452C851F5F00EBA6A2 /* Network.swift in Sources */,
				4FF5B1C42C851BB400176585 /* UserLoginManager.swift in Sources */,
				4FD3CFC92C888D9E00910867 /* UploadBody.swift in Sources */,
				4FF5B1A92C851BB400176585 /* OnboardingNameView.swift in Sources */,
				4FF5B1AA2C851BB400176585 /* OnboardingRulesView.swift in Sources */,
				4FF5B1C12C851BB400176585 /* SliderView.swift in Sources */,
				4FF5B1C32C851BB400176585 /* LocationManager.swift in Sources */,
				4FF5B1B32C851BB400176585 /* TDateTextFiled.swift in Sources */,
				4FF5B1B02C851BB400176585 /* BaseViewWithBottomButton.swift in Sources */,
				4FD3CFCD2C8996AB00910867 /* URLRequest+EXT.swift in Sources */,
				4FF5B1762C851BB400176585 /* TButton.swift in Sources */,
				4FF5B1D02C851BB400176585 /* Router.swift in Sources */,
				4FF5B1772C851BB400176585 /* TLogo.swift in Sources */,
				4FF5B1BE2C851BB400176585 /* RootView.swift in Sources */,
				4FF5B1CB2C851BB400176585 /* View+EXT.swift in Sources */,
				4FF5B1D72C851BB400176585 /* ProfileSyncHendeler.swift in Sources */,
				4FC702852C85524200C85CE9 /* View-CustomAlert.swift in Sources */,
				4FF5B1B52C851BB400176585 /* TTextFieldView.swift in Sources */,
				4FF5B1D82C851BB400176585 /* ValueHolder.swift in Sources */,
				4FF5B1CE2C851BB400176585 /* Modifiers.swift in Sources */,
				4FF5B1BB2C851BB400176585 /* MapView.swift in Sources */,
				4FF5B1DD2C851BB400176585 /* Response.swift in Sources */,
				4FF5B17A2C851BB400176585 /* Custom.swift in Sources */,
				4FF5B1792C851BB400176585 /* TSelectableButton.swift in Sources */,
				4FF5B1CC2C851BB400176585 /* AppDelegate.swift in Sources */,
				4FF5B1B72C851BB400176585 /* ProfileUpdater.swift in Sources */,
				4FF5B1D22C851BB400176585 /* ShtaxiApp.swift in Sources */,
				4F3C94462C851F5F00EBA6A2 /* OnboardringViewModel.swift in Sources */,
				4FD3CFCB2C889FF600910867 /* UserIdBody.swift in Sources */,
				4FF5B1BA2C851BB400176585 /* LoginView.swift in Sources */,
				4FF5B17B2C851BB400176585 /* TButtonConfigItem.swift in Sources */,
				4FF5B1D12C851BB400176585 /* RouterView.swift in Sources */,
				4FF5B1C92C851BB400176585 /* Dictionary+EXT.swift in Sources */,
				4FF5B1A72C851BB400176585 /* OnboardingGenderView.swift in Sources */,
				4FF5B1BC2C851BB400176585 /* MapViewVM.swift in Sources */,
				4FF5B1B82C851BB400176585 /* FilterView.swift in Sources */,
				4FF5B1AE2C851BB400176585 /* OnboardingProgressbleManegerView.swift in Sources */,
				4FF5B1A42C851BB400176585 /* LoginPhoneView.swift in Sources */,
				4FC702842C85524200C85CE9 /* CustomAlertView.swift in Sources */,
				4FF5B0CF2C851B6C00176585 /* Persistence.swift in Sources */,
				4FC1625A2C87C3C9003504EB /* ProfileHandeler.swift in Sources */,
				4FF5B1C02C851BB400176585 /* SingUpView.swift in Sources */,
				4FF5B1AC2C851BB400176585 /* OnboardingProgressbleContainerView.swift in Sources */,
				4FF5B1BF2C851BB400176585 /* SideMenu.swift in Sources */,
				4FF5B1C82C851BB400176585 /* Color+EXT.swift in Sources */,
				4FF5B1B92C851BB400176585 /* ImagePicker.swift in Sources */,
				4FF5B17E2C851BB400176585 /* LocationService.swift in Sources */,
				4FF5B1A62C851BB400176585 /* PinCodeChangePhoneView.swift in Sources */,
				4FF5B17C2C851BB400176585 /* TButtonParams.swift in Sources */,
				4FF5B1AD2C851BB400176585 /* OnboardingProgressbleHanelerView.swift in Sources */,
				4FF5B1DE2C851BB400176585 /* UserExistModel.swift in Sources */,
				4FF5B1B62C851BB400176585 /* ViewWithTransition.swift in Sources */,
				4FF5B1C72C851BB400176585 /* CharacterSet+EXT.swift in Sources */,
				4F3C94442C851F5F00EBA6A2 /* Authentication.swift in Sources */,
				4FF5B1DC2C851BB400176585 /* ProfileModel.swift in Sources */,
				4FF5B1A82C851BB400176585 /* OnboardingLoginView.swift in Sources */,
				4FF5B1BD2C851BB400176585 /* PinCodeView.swift in Sources */,
				4FF5B1D92C851BB400176585 /* EmptyModel.swift in Sources */,
				4FF5B1DB2C851BB400176585 /* GoogleAuthModel.swift in Sources */,
				4FF5B1782C851BB400176585 /* TProgressBar.swift in Sources */,
				4FF5B1AF2C851BB400176585 /* OnboardingProgressbleView.swift in Sources */,
				4FF5B1CA2C851BB400176585 /* String+EXT.swift in Sources */,
				4FF5B1B42C851BB400176585 /* TPinCodeView.swift in Sources */,
				4FF5B1C22C851BB400176585 /* CryptoManager.swift in Sources */,
				4FF5B1A52C851BB400176585 /* OnboardingBirthdateView.swift in Sources */,
				4FF5B1B12C851BB400176585 /* OnboardingProgress.swift in Sources */,
				4FF5B1B22C851BB400176585 /* RightText.swift in Sources */,
				4FF5B1DA2C851BB400176585 /* FacebookAuthModel.swift in Sources */,
				4FF5B1752C851BB400176585 /* TButtonConfig.swift in Sources */,
				4FF5B0D22C851B6C00176585 /* TaxiShare_MVP.xcdatamodeld in Sources */,
				4F2AD02F2C87FF50004A32E5 /* SmsPinCodeView.swift in Sources */,
			);
			runOnlyForDeploymentPostprocessing = 0;
		};
		4FF5B0D32C851B6C00176585 /* Sources */ = {
			isa = PBXSourcesBuildPhase;
			buildActionMask = 2147483647;
			files = (
				4FF5B0DC2C851B6C00176585 /* TaxiShare_MVPTests.swift in Sources */,
			);
			runOnlyForDeploymentPostprocessing = 0;
		};
		4FF5B0DD2C851B6C00176585 /* Sources */ = {
			isa = PBXSourcesBuildPhase;
			buildActionMask = 2147483647;
			files = (
				4FF5B0E82C851B6C00176585 /* TaxiShare_MVPUITestsLaunchTests.swift in Sources */,
				4FF5B0E62C851B6C00176585 /* TaxiShare_MVPUITests.swift in Sources */,
			);
			runOnlyForDeploymentPostprocessing = 0;
		};
/* End PBXSourcesBuildPhase section */

/* Begin PBXTargetDependency section */
		4FF5B0D92C851B6C00176585 /* PBXTargetDependency */ = {
			isa = PBXTargetDependency;
			target = 4FF5B0C12C851B6A00176585 /* TaxiShare_MVP */;
			targetProxy = 4FF5B0D82C851B6C00176585 /* PBXContainerItemProxy */;
		};
		4FF5B0E32C851B6C00176585 /* PBXTargetDependency */ = {
			isa = PBXTargetDependency;
			target = 4FF5B0C12C851B6A00176585 /* TaxiShare_MVP */;
			targetProxy = 4FF5B0E22C851B6C00176585 /* PBXContainerItemProxy */;
		};
/* End PBXTargetDependency section */

/* Begin XCBuildConfiguration section */
		4FF5B0E92C851B6C00176585 /* Debug */ = {
			isa = XCBuildConfiguration;
			buildSettings = {
				ALWAYS_SEARCH_USER_PATHS = NO;
				ASSETCATALOG_COMPILER_GENERATE_SWIFT_ASSET_SYMBOL_EXTENSIONS = YES;
				CLANG_ANALYZER_NONNULL = YES;
				CLANG_ANALYZER_NUMBER_OBJECT_CONVERSION = YES_AGGRESSIVE;
				CLANG_CXX_LANGUAGE_STANDARD = "gnu++20";
				CLANG_ENABLE_MODULES = YES;
				CLANG_ENABLE_OBJC_ARC = YES;
				CLANG_ENABLE_OBJC_WEAK = YES;
				CLANG_WARN_BLOCK_CAPTURE_AUTORELEASING = YES;
				CLANG_WARN_BOOL_CONVERSION = YES;
				CLANG_WARN_COMMA = YES;
				CLANG_WARN_CONSTANT_CONVERSION = YES;
				CLANG_WARN_DEPRECATED_OBJC_IMPLEMENTATIONS = YES;
				CLANG_WARN_DIRECT_OBJC_ISA_USAGE = YES_ERROR;
				CLANG_WARN_DOCUMENTATION_COMMENTS = YES;
				CLANG_WARN_EMPTY_BODY = YES;
				CLANG_WARN_ENUM_CONVERSION = YES;
				CLANG_WARN_INFINITE_RECURSION = YES;
				CLANG_WARN_INT_CONVERSION = YES;
				CLANG_WARN_NON_LITERAL_NULL_CONVERSION = YES;
				CLANG_WARN_OBJC_IMPLICIT_RETAIN_SELF = YES;
				CLANG_WARN_OBJC_LITERAL_CONVERSION = YES;
				CLANG_WARN_OBJC_ROOT_CLASS = YES_ERROR;
				CLANG_WARN_QUOTED_INCLUDE_IN_FRAMEWORK_HEADER = YES;
				CLANG_WARN_RANGE_LOOP_ANALYSIS = YES;
				CLANG_WARN_STRICT_PROTOTYPES = YES;
				CLANG_WARN_SUSPICIOUS_MOVE = YES;
				CLANG_WARN_UNGUARDED_AVAILABILITY = YES_AGGRESSIVE;
				CLANG_WARN_UNREACHABLE_CODE = YES;
				CLANG_WARN__DUPLICATE_METHOD_MATCH = YES;
				COPY_PHASE_STRIP = NO;
				DEBUG_INFORMATION_FORMAT = dwarf;
				ENABLE_STRICT_OBJC_MSGSEND = YES;
				ENABLE_TESTABILITY = YES;
				ENABLE_USER_SCRIPT_SANDBOXING = YES;
				GCC_C_LANGUAGE_STANDARD = gnu17;
				GCC_DYNAMIC_NO_PIC = NO;
				GCC_NO_COMMON_BLOCKS = YES;
				GCC_OPTIMIZATION_LEVEL = 0;
				GCC_PREPROCESSOR_DEFINITIONS = (
					"DEBUG=1",
					"$(inherited)",
				);
				GCC_WARN_64_TO_32_BIT_CONVERSION = YES;
				GCC_WARN_ABOUT_RETURN_TYPE = YES_ERROR;
				GCC_WARN_UNDECLARED_SELECTOR = YES;
				GCC_WARN_UNINITIALIZED_AUTOS = YES_AGGRESSIVE;
				GCC_WARN_UNUSED_FUNCTION = YES;
				GCC_WARN_UNUSED_VARIABLE = YES;
				IPHONEOS_DEPLOYMENT_TARGET = 17.5;
				LOCALIZATION_PREFERS_STRING_CATALOGS = YES;
				MTL_ENABLE_DEBUG_INFO = INCLUDE_SOURCE;
				MTL_FAST_MATH = YES;
				ONLY_ACTIVE_ARCH = YES;
				SDKROOT = iphoneos;
				SWIFT_ACTIVE_COMPILATION_CONDITIONS = "DEBUG $(inherited)";
				SWIFT_OPTIMIZATION_LEVEL = "-Onone";
			};
			name = Debug;
		};
		4FF5B0EA2C851B6C00176585 /* Release */ = {
			isa = XCBuildConfiguration;
			buildSettings = {
				ALWAYS_SEARCH_USER_PATHS = NO;
				ASSETCATALOG_COMPILER_GENERATE_SWIFT_ASSET_SYMBOL_EXTENSIONS = YES;
				CLANG_ANALYZER_NONNULL = YES;
				CLANG_ANALYZER_NUMBER_OBJECT_CONVERSION = YES_AGGRESSIVE;
				CLANG_CXX_LANGUAGE_STANDARD = "gnu++20";
				CLANG_ENABLE_MODULES = YES;
				CLANG_ENABLE_OBJC_ARC = YES;
				CLANG_ENABLE_OBJC_WEAK = YES;
				CLANG_WARN_BLOCK_CAPTURE_AUTORELEASING = YES;
				CLANG_WARN_BOOL_CONVERSION = YES;
				CLANG_WARN_COMMA = YES;
				CLANG_WARN_CONSTANT_CONVERSION = YES;
				CLANG_WARN_DEPRECATED_OBJC_IMPLEMENTATIONS = YES;
				CLANG_WARN_DIRECT_OBJC_ISA_USAGE = YES_ERROR;
				CLANG_WARN_DOCUMENTATION_COMMENTS = YES;
				CLANG_WARN_EMPTY_BODY = YES;
				CLANG_WARN_ENUM_CONVERSION = YES;
				CLANG_WARN_INFINITE_RECURSION = YES;
				CLANG_WARN_INT_CONVERSION = YES;
				CLANG_WARN_NON_LITERAL_NULL_CONVERSION = YES;
				CLANG_WARN_OBJC_IMPLICIT_RETAIN_SELF = YES;
				CLANG_WARN_OBJC_LITERAL_CONVERSION = YES;
				CLANG_WARN_OBJC_ROOT_CLASS = YES_ERROR;
				CLANG_WARN_QUOTED_INCLUDE_IN_FRAMEWORK_HEADER = YES;
				CLANG_WARN_RANGE_LOOP_ANALYSIS = YES;
				CLANG_WARN_STRICT_PROTOTYPES = YES;
				CLANG_WARN_SUSPICIOUS_MOVE = YES;
				CLANG_WARN_UNGUARDED_AVAILABILITY = YES_AGGRESSIVE;
				CLANG_WARN_UNREACHABLE_CODE = YES;
				CLANG_WARN__DUPLICATE_METHOD_MATCH = YES;
				COPY_PHASE_STRIP = NO;
				DEBUG_INFORMATION_FORMAT = "dwarf-with-dsym";
				ENABLE_NS_ASSERTIONS = NO;
				ENABLE_STRICT_OBJC_MSGSEND = YES;
				ENABLE_USER_SCRIPT_SANDBOXING = YES;
				GCC_C_LANGUAGE_STANDARD = gnu17;
				GCC_NO_COMMON_BLOCKS = YES;
				GCC_WARN_64_TO_32_BIT_CONVERSION = YES;
				GCC_WARN_ABOUT_RETURN_TYPE = YES_ERROR;
				GCC_WARN_UNDECLARED_SELECTOR = YES;
				GCC_WARN_UNINITIALIZED_AUTOS = YES_AGGRESSIVE;
				GCC_WARN_UNUSED_FUNCTION = YES;
				GCC_WARN_UNUSED_VARIABLE = YES;
				IPHONEOS_DEPLOYMENT_TARGET = 17.5;
				LOCALIZATION_PREFERS_STRING_CATALOGS = YES;
				MTL_ENABLE_DEBUG_INFO = NO;
				MTL_FAST_MATH = YES;
				SDKROOT = iphoneos;
				SWIFT_COMPILATION_MODE = wholemodule;
				VALIDATE_PRODUCT = YES;
			};
			name = Release;
		};
		4FF5B0EC2C851B6C00176585 /* Debug */ = {
			isa = XCBuildConfiguration;
			buildSettings = {
				ASSETCATALOG_COMPILER_APPICON_NAME = AppIcon;
				ASSETCATALOG_COMPILER_GLOBAL_ACCENT_COLOR_NAME = AccentColor;
				CODE_SIGN_ENTITLEMENTS = TaxiShare_MVP/TaxiShare_MVP.entitlements;
				CODE_SIGN_STYLE = Automatic;
				CURRENT_PROJECT_VERSION = 18;
				DEVELOPMENT_ASSET_PATHS = "\"TaxiShare_MVP/Preview Content\"";
				DEVELOPMENT_TEAM = UNVTN9W8HQ;
				ENABLE_PREVIEWS = YES;
				GENERATE_INFOPLIST_FILE = YES;
				INFOPLIST_FILE = "TaxiShare-MVP-Info.plist";
				INFOPLIST_KEY_CFBundleDisplayName = Shtaxi;
				INFOPLIST_KEY_LSApplicationCategoryType = "public.app-category.navigation";
				INFOPLIST_KEY_UIApplicationSceneManifest_Generation = YES;
				INFOPLIST_KEY_UIApplicationSupportsIndirectInputEvents = YES;
				INFOPLIST_KEY_UILaunchScreen_Generation = YES;
				INFOPLIST_KEY_UILaunchStoryboardName = Storyboard;
				INFOPLIST_KEY_UISupportedInterfaceOrientations_iPad = "UIInterfaceOrientationPortrait UIInterfaceOrientationPortraitUpsideDown UIInterfaceOrientationLandscapeLeft UIInterfaceOrientationLandscapeRight";
				INFOPLIST_KEY_UISupportedInterfaceOrientations_iPhone = "UIInterfaceOrientationPortrait UIInterfaceOrientationLandscapeLeft UIInterfaceOrientationLandscapeRight";
				LD_RUNPATH_SEARCH_PATHS = (
					"$(inherited)",
					"@executable_path/Frameworks",
				);
				MARKETING_VERSION = 1.0;
				PRODUCT_BUNDLE_IDENTIFIER = ShtaxiShare;
				PRODUCT_NAME = "$(TARGET_NAME)";
				SWIFT_EMIT_LOC_STRINGS = YES;
				SWIFT_VERSION = 5.0;
				TARGETED_DEVICE_FAMILY = "1,2";
			};
			name = Debug;
		};
		4FF5B0ED2C851B6C00176585 /* Release */ = {
			isa = XCBuildConfiguration;
			buildSettings = {
				ASSETCATALOG_COMPILER_APPICON_NAME = AppIcon;
				ASSETCATALOG_COMPILER_GLOBAL_ACCENT_COLOR_NAME = AccentColor;
				CODE_SIGN_ENTITLEMENTS = TaxiShare_MVP/TaxiShare_MVP.entitlements;
				CODE_SIGN_STYLE = Automatic;
				CURRENT_PROJECT_VERSION = 18;
				DEVELOPMENT_ASSET_PATHS = "\"TaxiShare_MVP/Preview Content\"";
				DEVELOPMENT_TEAM = UNVTN9W8HQ;
				ENABLE_PREVIEWS = YES;
				GENERATE_INFOPLIST_FILE = YES;
				INFOPLIST_FILE = "TaxiShare-MVP-Info.plist";
				INFOPLIST_KEY_CFBundleDisplayName = Shtaxi;
				INFOPLIST_KEY_LSApplicationCategoryType = "public.app-category.navigation";
				INFOPLIST_KEY_UIApplicationSceneManifest_Generation = YES;
				INFOPLIST_KEY_UIApplicationSupportsIndirectInputEvents = YES;
				INFOPLIST_KEY_UILaunchScreen_Generation = YES;
				INFOPLIST_KEY_UILaunchStoryboardName = Storyboard;
				INFOPLIST_KEY_UISupportedInterfaceOrientations_iPad = "UIInterfaceOrientationPortrait UIInterfaceOrientationPortraitUpsideDown UIInterfaceOrientationLandscapeLeft UIInterfaceOrientationLandscapeRight";
				INFOPLIST_KEY_UISupportedInterfaceOrientations_iPhone = "UIInterfaceOrientationPortrait UIInterfaceOrientationLandscapeLeft UIInterfaceOrientationLandscapeRight";
				LD_RUNPATH_SEARCH_PATHS = (
					"$(inherited)",
					"@executable_path/Frameworks",
				);
				MARKETING_VERSION = 1.0;
				PRODUCT_BUNDLE_IDENTIFIER = ShtaxiShare;
				PRODUCT_NAME = "$(TARGET_NAME)";
				SWIFT_EMIT_LOC_STRINGS = YES;
				SWIFT_VERSION = 5.0;
				TARGETED_DEVICE_FAMILY = "1,2";
			};
			name = Release;
		};
		4FF5B0EF2C851B6C00176585 /* Debug */ = {
			isa = XCBuildConfiguration;
			buildSettings = {
				ALWAYS_EMBED_SWIFT_STANDARD_LIBRARIES = YES;
				BUNDLE_LOADER = "$(TEST_HOST)";
				CODE_SIGN_STYLE = Automatic;
				CURRENT_PROJECT_VERSION = 1;
				DEVELOPMENT_TEAM = D6DN86P8S8;
				GENERATE_INFOPLIST_FILE = YES;
				IPHONEOS_DEPLOYMENT_TARGET = 17.5;
				MARKETING_VERSION = 1.0;
				PRODUCT_BUNDLE_IDENTIFIER = "Barak.ben.hur.TaxiShare-MVPTests";
				PRODUCT_NAME = "$(TARGET_NAME)";
				SWIFT_EMIT_LOC_STRINGS = NO;
				SWIFT_VERSION = 5.0;
				TARGETED_DEVICE_FAMILY = "1,2";
				TEST_HOST = "$(BUILT_PRODUCTS_DIR)/TaxiShare_MVP.app/$(BUNDLE_EXECUTABLE_FOLDER_PATH)/TaxiShare_MVP";
			};
			name = Debug;
		};
		4FF5B0F02C851B6C00176585 /* Release */ = {
			isa = XCBuildConfiguration;
			buildSettings = {
				ALWAYS_EMBED_SWIFT_STANDARD_LIBRARIES = YES;
				BUNDLE_LOADER = "$(TEST_HOST)";
				CODE_SIGN_STYLE = Automatic;
				CURRENT_PROJECT_VERSION = 1;
				DEVELOPMENT_TEAM = D6DN86P8S8;
				GENERATE_INFOPLIST_FILE = YES;
				IPHONEOS_DEPLOYMENT_TARGET = 17.5;
				MARKETING_VERSION = 1.0;
				PRODUCT_BUNDLE_IDENTIFIER = "Barak.ben.hur.TaxiShare-MVPTests";
				PRODUCT_NAME = "$(TARGET_NAME)";
				SWIFT_EMIT_LOC_STRINGS = NO;
				SWIFT_VERSION = 5.0;
				TARGETED_DEVICE_FAMILY = "1,2";
				TEST_HOST = "$(BUILT_PRODUCTS_DIR)/TaxiShare_MVP.app/$(BUNDLE_EXECUTABLE_FOLDER_PATH)/TaxiShare_MVP";
			};
			name = Release;
		};
		4FF5B0F22C851B6C00176585 /* Debug */ = {
			isa = XCBuildConfiguration;
			buildSettings = {
				ALWAYS_EMBED_SWIFT_STANDARD_LIBRARIES = YES;
				CODE_SIGN_STYLE = Automatic;
				CURRENT_PROJECT_VERSION = 1;
				DEVELOPMENT_TEAM = D6DN86P8S8;
				GENERATE_INFOPLIST_FILE = YES;
				MARKETING_VERSION = 1.0;
				PRODUCT_BUNDLE_IDENTIFIER = "Barak.ben.hur.TaxiShare-MVPUITests";
				PRODUCT_NAME = "$(TARGET_NAME)";
				SWIFT_EMIT_LOC_STRINGS = NO;
				SWIFT_VERSION = 5.0;
				TARGETED_DEVICE_FAMILY = "1,2";
				TEST_TARGET_NAME = TaxiShare_MVP;
			};
			name = Debug;
		};
		4FF5B0F32C851B6C00176585 /* Release */ = {
			isa = XCBuildConfiguration;
			buildSettings = {
				ALWAYS_EMBED_SWIFT_STANDARD_LIBRARIES = YES;
				CODE_SIGN_STYLE = Automatic;
				CURRENT_PROJECT_VERSION = 1;
				DEVELOPMENT_TEAM = D6DN86P8S8;
				GENERATE_INFOPLIST_FILE = YES;
				MARKETING_VERSION = 1.0;
				PRODUCT_BUNDLE_IDENTIFIER = "Barak.ben.hur.TaxiShare-MVPUITests";
				PRODUCT_NAME = "$(TARGET_NAME)";
				SWIFT_EMIT_LOC_STRINGS = NO;
				SWIFT_VERSION = 5.0;
				TARGETED_DEVICE_FAMILY = "1,2";
				TEST_TARGET_NAME = TaxiShare_MVP;
			};
			name = Release;
		};
/* End XCBuildConfiguration section */

/* Begin XCConfigurationList section */
		4FF5B0BD2C851B6A00176585 /* Build configuration list for PBXProject "TaxiShare_MVP" */ = {
			isa = XCConfigurationList;
			buildConfigurations = (
				4FF5B0E92C851B6C00176585 /* Debug */,
				4FF5B0EA2C851B6C00176585 /* Release */,
			);
			defaultConfigurationIsVisible = 0;
			defaultConfigurationName = Release;
		};
		4FF5B0EB2C851B6C00176585 /* Build configuration list for PBXNativeTarget "TaxiShare_MVP" */ = {
			isa = XCConfigurationList;
			buildConfigurations = (
				4FF5B0EC2C851B6C00176585 /* Debug */,
				4FF5B0ED2C851B6C00176585 /* Release */,
			);
			defaultConfigurationIsVisible = 0;
			defaultConfigurationName = Release;
		};
		4FF5B0EE2C851B6C00176585 /* Build configuration list for PBXNativeTarget "TaxiShare_MVPTests" */ = {
			isa = XCConfigurationList;
			buildConfigurations = (
				4FF5B0EF2C851B6C00176585 /* Debug */,
				4FF5B0F02C851B6C00176585 /* Release */,
			);
			defaultConfigurationIsVisible = 0;
			defaultConfigurationName = Release;
		};
		4FF5B0F12C851B6C00176585 /* Build configuration list for PBXNativeTarget "TaxiShare_MVPUITests" */ = {
			isa = XCConfigurationList;
			buildConfigurations = (
				4FF5B0F22C851B6C00176585 /* Debug */,
				4FF5B0F32C851B6C00176585 /* Release */,
			);
			defaultConfigurationIsVisible = 0;
			defaultConfigurationName = Release;
		};
/* End XCConfigurationList section */

/* Begin XCRemoteSwiftPackageReference section */
		4FF5B1E12C851D9200176585 /* XCRemoteSwiftPackageReference "firebase-ios-sdk" */ = {
			isa = XCRemoteSwiftPackageReference;
			repositoryURL = "https://github.com/firebase/firebase-ios-sdk.git";
			requirement = {
				kind = upToNextMajorVersion;
				minimumVersion = 11.1.0;
			};
		};
		4FF5B1EA2C851DA900176585 /* XCRemoteSwiftPackageReference "facebook-ios-sdk" */ = {
			isa = XCRemoteSwiftPackageReference;
			repositoryURL = "https://github.com/facebook/facebook-ios-sdk.git";
			requirement = {
				kind = upToNextMajorVersion;
				minimumVersion = 14.1.0;
			};
		};
		4FF5B1EF2C851DBC00176585 /* XCRemoteSwiftPackageReference "GoogleSignIn-iOS" */ = {
			isa = XCRemoteSwiftPackageReference;
			repositoryURL = "https://github.com/google/GoogleSignIn-iOS";
			requirement = {
				kind = upToNextMajorVersion;
				minimumVersion = 8.0.0;
			};
		};
/* End XCRemoteSwiftPackageReference section */

/* Begin XCSwiftPackageProductDependency section */
		4FF5B1E22C851D9200176585 /* FirebaseAnalyticsWithoutAdIdSupport */ = {
			isa = XCSwiftPackageProductDependency;
			package = 4FF5B1E12C851D9200176585 /* XCRemoteSwiftPackageReference "firebase-ios-sdk" */;
			productName = FirebaseAnalyticsWithoutAdIdSupport;
		};
		4FF5B1E42C851D9200176585 /* FirebaseAuth */ = {
			isa = XCSwiftPackageProductDependency;
			package = 4FF5B1E12C851D9200176585 /* XCRemoteSwiftPackageReference "firebase-ios-sdk" */;
			productName = FirebaseAuth;
		};
		4FF5B1E62C851D9200176585 /* FirebaseFirestore */ = {
			isa = XCSwiftPackageProductDependency;
			package = 4FF5B1E12C851D9200176585 /* XCRemoteSwiftPackageReference "firebase-ios-sdk" */;
			productName = FirebaseFirestore;
		};
		4FF5B1E82C851D9200176585 /* FirebaseMessaging */ = {
			isa = XCSwiftPackageProductDependency;
			package = 4FF5B1E12C851D9200176585 /* XCRemoteSwiftPackageReference "firebase-ios-sdk" */;
			productName = FirebaseMessaging;
		};
		4FF5B1EB2C851DA900176585 /* FacebookBasics */ = {
			isa = XCSwiftPackageProductDependency;
			package = 4FF5B1EA2C851DA900176585 /* XCRemoteSwiftPackageReference "facebook-ios-sdk" */;
			productName = FacebookBasics;
		};
		4FF5B1ED2C851DA900176585 /* FacebookLogin */ = {
			isa = XCSwiftPackageProductDependency;
			package = 4FF5B1EA2C851DA900176585 /* XCRemoteSwiftPackageReference "facebook-ios-sdk" */;
			productName = FacebookLogin;
		};
		4FF5B1F02C851DBC00176585 /* GoogleSignIn */ = {
			isa = XCSwiftPackageProductDependency;
			package = 4FF5B1EF2C851DBC00176585 /* XCRemoteSwiftPackageReference "GoogleSignIn-iOS" */;
			productName = GoogleSignIn;
		};
		4FF5B1F22C851DBC00176585 /* GoogleSignInSwift */ = {
			isa = XCSwiftPackageProductDependency;
			package = 4FF5B1EF2C851DBC00176585 /* XCRemoteSwiftPackageReference "GoogleSignIn-iOS" */;
			productName = GoogleSignInSwift;
		};
/* End XCSwiftPackageProductDependency section */

/* Begin XCVersionGroup section */
		4FF5B0D02C851B6C00176585 /* TaxiShare_MVP.xcdatamodeld */ = {
			isa = XCVersionGroup;
			children = (
				4FF5B0D12C851B6C00176585 /* TaxiShare_MVP.xcdatamodel */,
			);
			currentVersion = 4FF5B0D12C851B6C00176585 /* TaxiShare_MVP.xcdatamodel */;
			path = TaxiShare_MVP.xcdatamodeld;
			sourceTree = "<group>";
			versionGroupType = wrapper.xcdatamodel;
		};
/* End XCVersionGroup section */
	};
	rootObject = 4FF5B0BA2C851B6A00176585 /* Project object */;
}
